
Microsoft Visual Studio Solution File, Format Version 12.00
# Visual Studio Version 17
VisualStudioVersion = 17.7.34031.279
MinimumVisualStudioVersion = 10.0.40219.1
Project("{FAE04EC0-301F-11D3-BF4B-00C04F79EFBC}") = "CRUD_OP", "CRUD_OP\CRUD_OP.csproj", "{E392A454-D9D7-4C1C-82AE-5A129EAA9661}"
EndProject
Global
	GlobalSection(SolutionConfigurationPlatforms) = preSolution
		Debug|Any CPU = Debug|Any CPU
		Release|Any CPU = Release|Any CPU
	EndGlobalSection
	GlobalSection(ProjectConfigurationPlatforms) = postSolution
		{E392A454-D9D7-4C1C-82AE-5A129EAA9661}.Debug|Any CPU.ActiveCfg = Debug|Any CPU
		{E392A454-D9D7-4C1C-82AE-5A129EAA9661}.Debug|Any CPU.Build.0 = Debug|Any CPU
		{E392A454-D9D7-4C1C-82AE-5A129EAA9661}.Release|Any CPU.ActiveCfg = Release|Any CPU
		{E392A454-D9D7-4C1C-82AE-5A129EAA9661}.Release|Any CPU.Build.0 = Release|Any CPU
	EndGlobalSection
	GlobalSection(SolutionProperties) = preSolution
		HideSolutionNode = FALSE
	EndGlobalSection
	GlobalSection(ExtensibilityGlobals) = postSolution
		SolutionGuid = {DDE47102-2827-4568-886A-1603741742C0}
	EndGlobalSection
EndGlobal
